
Microsoft Visual Studio Solution File, Format Version 12.00
Project("{FAE04EC0-301F-11D3-BF4B-00C04F79EFBC}") = "Movies.Api", "Movies.Api\Movies.Api.csproj", "{6B46F058-D67B-45FC-9E90-A019141E6694}"
EndProject
Project("{FAE04EC0-301F-11D3-BF4B-00C04F79EFBC}") = "IndentityServer", "IndentityServer\IndentityServer.csproj", "{29A440F2-3BC8-4344-9D17-108126B624DF}"
EndProject
Project("{FAE04EC0-301F-11D3-BF4B-00C04F79EFBC}") = "Movies.Client", "Movies.Client\Movies.Client.csproj", "{DE5E3E74-CA3F-49DE-9E5D-5595CFFEEBD5}"
EndProject
Global
	GlobalSection(SolutionConfigurationPlatforms) = preSolution
		Debug|Any CPU = Debug|Any CPU
		Release|Any CPU = Release|Any CPU
	EndGlobalSection
	GlobalSection(ProjectConfigurationPlatforms) = postSolution
		{6B46F058-D67B-45FC-9E90-A019141E6694}.Debug|Any CPU.ActiveCfg = Debug|Any CPU
		{6B46F058-D67B-45FC-9E90-A019141E6694}.Debug|Any CPU.Build.0 = Debug|Any CPU
		{6B46F058-D67B-45FC-9E90-A019141E6694}.Release|Any CPU.ActiveCfg = Release|Any CPU
		{6B46F058-D67B-45FC-9E90-A019141E6694}.Release|Any CPU.Build.0 = Release|Any CPU
		{29A440F2-3BC8-4344-9D17-108126B624DF}.Debug|Any CPU.ActiveCfg = Debug|Any CPU
		{29A440F2-3BC8-4344-9D17-108126B624DF}.Debug|Any CPU.Build.0 = Debug|Any CPU
		{29A440F2-3BC8-4344-9D17-108126B624DF}.Release|Any CPU.ActiveCfg = Release|Any CPU
		{29A440F2-3BC8-4344-9D17-108126B624DF}.Release|Any CPU.Build.0 = Release|Any CPU
		{DE5E3E74-CA3F-49DE-9E5D-5595CFFEEBD5}.Debug|Any CPU.ActiveCfg = Debug|Any CPU
		{DE5E3E74-CA3F-49DE-9E5D-5595CFFEEBD5}.Debug|Any CPU.Build.0 = Debug|Any CPU
		{DE5E3E74-CA3F-49DE-9E5D-5595CFFEEBD5}.Release|Any CPU.ActiveCfg = Release|Any CPU
		{DE5E3E74-CA3F-49DE-9E5D-5595CFFEEBD5}.Release|Any CPU.Build.0 = Release|Any CPU
	EndGlobalSection
EndGlobal
